// !$*UTF8*$!
{
	archiveVersion = 1;
	classes = {
	};
	objectVersion = 52;
	objects = {

/* Begin PBXBuildFile section */
		AB127F6F22BA960B00D9FC4D /* JFFavorite.swift in Sources */ = {isa = PBXBuildFile; fileRef = AB127F6E22BA960B00D9FC4D /* JFFavorite.swift */; };
		AB12F23A22ABFAAC006F13CC /* JFStation.swift in Sources */ = {isa = PBXBuildFile; fileRef = AB12F23922ABFAAC006F13CC /* JFStation.swift */; };
		AB12F23C22ABFBFF006F13CC /* JFTrain.swift in Sources */ = {isa = PBXBuildFile; fileRef = AB12F23B22ABFBFF006F13CC /* JFTrain.swift */; };
		AB12F23E22ABFCA5006F13CC /* JFDeparture.swift in Sources */ = {isa = PBXBuildFile; fileRef = AB12F23D22ABFCA5006F13CC /* JFDeparture.swift */; };
		AB12F24022AC0956006F13CC /* MetroHandler.swift in Sources */ = {isa = PBXBuildFile; fileRef = AB12F23F22AC0956006F13CC /* MetroHandler.swift */; };
		AB341E9622AAEE5F004CAD6A /* JFUtils.swift in Sources */ = {isa = PBXBuildFile; fileRef = AB341E9522AAEE5F004CAD6A /* JFUtils.swift */; };
		AB341E9822AAF760004CAD6A /* MetroTimeCell.swift in Sources */ = {isa = PBXBuildFile; fileRef = AB341E9722AAF760004CAD6A /* MetroTimeCell.swift */; };
		AB38AFA122AAEC2D00DC09BE /* AppDelegate.swift in Sources */ = {isa = PBXBuildFile; fileRef = AB38AFA022AAEC2D00DC09BE /* AppDelegate.swift */; };
		AB38AFA322AAEC2D00DC09BE /* HomeView.swift in Sources */ = {isa = PBXBuildFile; fileRef = AB38AFA222AAEC2D00DC09BE /* HomeView.swift */; };
		AB38AFA822AAEC2E00DC09BE /* Preview Assets.xcassets in Resources */ = {isa = PBXBuildFile; fileRef = AB38AFA722AAEC2E00DC09BE /* Preview Assets.xcassets */; };
		AB38AFAB22AAEC2E00DC09BE /* LaunchScreen.storyboard in Resources */ = {isa = PBXBuildFile; fileRef = AB38AFA922AAEC2E00DC09BE /* LaunchScreen.storyboard */; };
		AB41B9A522B40DD100A83985 /* DepartureView.swift in Sources */ = {isa = PBXBuildFile; fileRef = AB41B9A422B40DD100A83985 /* DepartureView.swift */; };
		AB41B9A722B413F700A83985 /* SettingsView.swift in Sources */ = {isa = PBXBuildFile; fileRef = AB41B9A622B413F700A83985 /* SettingsView.swift */; };
		AB4BD512234BD984003DD217 /* JFSwiftUI in Frameworks */ = {isa = PBXBuildFile; productRef = AB4BD511234BD984003DD217 /* JFSwiftUI */; };
		AB4BD514234BEFE6003DD217 /* Assets.xcassets in Resources */ = {isa = PBXBuildFile; fileRef = AB4BD513234BEFE6003DD217 /* Assets.xcassets */; };
		ABAEAC7A234E281100FB3644 /* KVVlive in Frameworks */ = {isa = PBXBuildFile; productRef = ABAEAC79234E281100FB3644 /* KVVlive */; };
		ABB7D8CD234660D10065C7C1 /* AddRouteView.swift in Sources */ = {isa = PBXBuildFile; fileRef = ABB7D8CC234660D10065C7C1 /* AddRouteView.swift */; };
		ABC2414322BD134E001D4B01 /* AddFavoriteView.swift in Sources */ = {isa = PBXBuildFile; fileRef = ABC2414222BD134E001D4B01 /* AddFavoriteView.swift */; };
/* End PBXBuildFile section */

/* Begin PBXCopyFilesBuildPhase section */
		AB38AFDA22AAEC3000DC09BE /* Embed Watch Content */ = {
			isa = PBXCopyFilesBuildPhase;
			buildActionMask = 2147483647;
			dstPath = "$(CONTENTS_FOLDER_PATH)/Watch";
			dstSubfolderSpec = 16;
			files = (
			);
			name = "Embed Watch Content";
			runOnlyForDeploymentPostprocessing = 0;
		};
/* End PBXCopyFilesBuildPhase section */

/* Begin PBXFileReference section */
		AB127F6D22BA8B2800D9FC4D /* README.md */ = {isa = PBXFileReference; lastKnownFileType = net.daringfireball.markdown; path = README.md; sourceTree = "<group>"; };
		AB127F6E22BA960B00D9FC4D /* JFFavorite.swift */ = {isa = PBXFileReference; lastKnownFileType = sourcecode.swift; path = JFFavorite.swift; sourceTree = "<group>"; };
		AB12F23922ABFAAC006F13CC /* JFStation.swift */ = {isa = PBXFileReference; lastKnownFileType = sourcecode.swift; path = JFStation.swift; sourceTree = "<group>"; };
		AB12F23B22ABFBFF006F13CC /* JFTrain.swift */ = {isa = PBXFileReference; lastKnownFileType = sourcecode.swift; path = JFTrain.swift; sourceTree = "<group>"; };
		AB12F23D22ABFCA5006F13CC /* JFDeparture.swift */ = {isa = PBXFileReference; lastKnownFileType = sourcecode.swift; path = JFDeparture.swift; sourceTree = "<group>"; };
		AB12F23F22AC0956006F13CC /* MetroHandler.swift */ = {isa = PBXFileReference; lastKnownFileType = sourcecode.swift; path = MetroHandler.swift; sourceTree = "<group>"; };
		AB341E9522AAEE5F004CAD6A /* JFUtils.swift */ = {isa = PBXFileReference; lastKnownFileType = sourcecode.swift; path = JFUtils.swift; sourceTree = "<group>"; };
		AB341E9722AAF760004CAD6A /* MetroTimeCell.swift */ = {isa = PBXFileReference; lastKnownFileType = sourcecode.swift; path = MetroTimeCell.swift; sourceTree = "<group>"; };
		AB38AF9D22AAEC2D00DC09BE /* MetroTimer.app */ = {isa = PBXFileReference; explicitFileType = wrapper.application; includeInIndex = 0; path = MetroTimer.app; sourceTree = BUILT_PRODUCTS_DIR; };
		AB38AFA022AAEC2D00DC09BE /* AppDelegate.swift */ = {isa = PBXFileReference; lastKnownFileType = sourcecode.swift; path = AppDelegate.swift; sourceTree = "<group>"; };
		AB38AFA222AAEC2D00DC09BE /* HomeView.swift */ = {isa = PBXFileReference; lastKnownFileType = sourcecode.swift; path = HomeView.swift; sourceTree = "<group>"; };
		AB38AFA722AAEC2E00DC09BE /* Preview Assets.xcassets */ = {isa = PBXFileReference; lastKnownFileType = folder.assetcatalog; path = "Preview Assets.xcassets"; sourceTree = "<group>"; };
		AB38AFAA22AAEC2E00DC09BE /* Base */ = {isa = PBXFileReference; lastKnownFileType = file.storyboard; name = Base; path = Base.lproj/LaunchScreen.storyboard; sourceTree = "<group>"; };
		AB38AFAC22AAEC2E00DC09BE /* Info.plist */ = {isa = PBXFileReference; lastKnownFileType = text.plist.xml; path = Info.plist; sourceTree = "<group>"; };
		AB41B9A422B40DD100A83985 /* DepartureView.swift */ = {isa = PBXFileReference; lastKnownFileType = sourcecode.swift; path = DepartureView.swift; sourceTree = "<group>"; };
		AB41B9A622B413F700A83985 /* SettingsView.swift */ = {isa = PBXFileReference; lastKnownFileType = sourcecode.swift; path = SettingsView.swift; sourceTree = "<group>"; };
		AB4BD513234BEFE6003DD217 /* Assets.xcassets */ = {isa = PBXFileReference; lastKnownFileType = folder.assetcatalog; path = Assets.xcassets; sourceTree = "<group>"; };
		ABB7D8CC234660D10065C7C1 /* AddRouteView.swift */ = {isa = PBXFileReference; lastKnownFileType = sourcecode.swift; path = AddRouteView.swift; sourceTree = "<group>"; };
		ABC2414222BD134E001D4B01 /* AddFavoriteView.swift */ = {isa = PBXFileReference; lastKnownFileType = sourcecode.swift; path = AddFavoriteView.swift; sourceTree = "<group>"; };
/* End PBXFileReference section */

/* Begin PBXFrameworksBuildPhase section */
		AB38AF9A22AAEC2D00DC09BE /* Frameworks */ = {
			isa = PBXFrameworksBuildPhase;
			buildActionMask = 2147483647;
			files = (
				ABAEAC7A234E281100FB3644 /* KVVlive in Frameworks */,
				AB4BD512234BD984003DD217 /* JFSwiftUI in Frameworks */,
			);
			runOnlyForDeploymentPostprocessing = 0;
		};
/* End PBXFrameworksBuildPhase section */

/* Begin PBXGroup section */
		AB341E9422AAEE1F004CAD6A /* Custom Classes */ = {
			isa = PBXGroup;
			children = (
				AB341E9522AAEE5F004CAD6A /* JFUtils.swift */,
				AB12F23F22AC0956006F13CC /* MetroHandler.swift */,
			);
			path = "Custom Classes";
			sourceTree = "<group>";
		};
		AB38AF9422AAEC2D00DC09BE = {
			isa = PBXGroup;
			children = (
				AB127F6D22BA8B2800D9FC4D /* README.md */,
				ABC2415522BE63DF001D4B01 /* Models */,
				AB341E9422AAEE1F004CAD6A /* Custom Classes */,
				AB38AF9F22AAEC2D00DC09BE /* MetroTimer */,
				AB38AF9E22AAEC2D00DC09BE /* Products */,
				ABC2415C22BE645F001D4B01 /* Frameworks */,
			);
			sourceTree = "<group>";
		};
		AB38AF9E22AAEC2D00DC09BE /* Products */ = {
			isa = PBXGroup;
			children = (
				AB38AF9D22AAEC2D00DC09BE /* MetroTimer.app */,
			);
			name = Products;
			sourceTree = "<group>";
		};
		AB38AF9F22AAEC2D00DC09BE /* MetroTimer */ = {
			isa = PBXGroup;
			children = (
				AB38AFA022AAEC2D00DC09BE /* AppDelegate.swift */,
				AB38AFE122AAED6E00DC09BE /* Views */,
				AB4BD513234BEFE6003DD217 /* Assets.xcassets */,
				AB38AFA922AAEC2E00DC09BE /* LaunchScreen.storyboard */,
				AB38AFAC22AAEC2E00DC09BE /* Info.plist */,
				AB38AFA622AAEC2E00DC09BE /* Preview Content */,
			);
			path = MetroTimer;
			sourceTree = "<group>";
		};
		AB38AFA622AAEC2E00DC09BE /* Preview Content */ = {
			isa = PBXGroup;
			children = (
				AB38AFA722AAEC2E00DC09BE /* Preview Assets.xcassets */,
			);
			path = "Preview Content";
			sourceTree = "<group>";
		};
		AB38AFE122AAED6E00DC09BE /* Views */ = {
			isa = PBXGroup;
			children = (
				ABE3A58B22C6487D00575164 /* Support Views */,
				AB38AFA222AAEC2D00DC09BE /* HomeView.swift */,
				AB41B9A422B40DD100A83985 /* DepartureView.swift */,
				AB41B9A622B413F700A83985 /* SettingsView.swift */,
				ABC2414222BD134E001D4B01 /* AddFavoriteView.swift */,
				ABB7D8CC234660D10065C7C1 /* AddRouteView.swift */,
			);
			path = Views;
			sourceTree = "<group>";
		};
		ABC2415522BE63DF001D4B01 /* Models */ = {
			isa = PBXGroup;
			children = (
				AB12F23922ABFAAC006F13CC /* JFStation.swift */,
				AB12F23B22ABFBFF006F13CC /* JFTrain.swift */,
				AB12F23D22ABFCA5006F13CC /* JFDeparture.swift */,
				AB127F6E22BA960B00D9FC4D /* JFFavorite.swift */,
			);
			path = Models;
			sourceTree = "<group>";
		};
		ABC2415C22BE645F001D4B01 /* Frameworks */ = {
			isa = PBXGroup;
			children = (
			);
			name = Frameworks;
			sourceTree = "<group>";
		};
		ABE3A58B22C6487D00575164 /* Support Views */ = {
			isa = PBXGroup;
			children = (
				AB341E9722AAF760004CAD6A /* MetroTimeCell.swift */,
			);
			path = "Support Views";
			sourceTree = "<group>";
		};
/* End PBXGroup section */

/* Begin PBXNativeTarget section */
		AB38AF9C22AAEC2D00DC09BE /* MetroTimer */ = {
			isa = PBXNativeTarget;
			buildConfigurationList = AB38AFDB22AAEC3000DC09BE /* Build configuration list for PBXNativeTarget "MetroTimer" */;
			buildPhases = (
				AB38AF9922AAEC2D00DC09BE /* Sources */,
				AB38AF9A22AAEC2D00DC09BE /* Frameworks */,
				AB38AF9B22AAEC2D00DC09BE /* Resources */,
				AB38AFDA22AAEC3000DC09BE /* Embed Watch Content */,
			);
			buildRules = (
			);
			dependencies = (
			);
			name = MetroTimer;
			packageProductDependencies = (
				AB4BD511234BD984003DD217 /* JFSwiftUI */,
				ABAEAC79234E281100FB3644 /* KVVlive */,
			);
			productName = MetroTimer;
			productReference = AB38AF9D22AAEC2D00DC09BE /* MetroTimer.app */;
			productType = "com.apple.product-type.application";
		};
/* End PBXNativeTarget section */

/* Begin PBXProject section */
		AB38AF9522AAEC2D00DC09BE /* Project object */ = {
			isa = PBXProject;
			attributes = {
				LastSwiftUpdateCheck = 1100;
				LastUpgradeCheck = 1100;
				ORGANIZATIONNAME = "Jonas Frey";
				TargetAttributes = {
					AB38AF9C22AAEC2D00DC09BE = {
						CreatedOnToolsVersion = 11.0;
					};
				};
			};
			buildConfigurationList = AB38AF9822AAEC2D00DC09BE /* Build configuration list for PBXProject "MetroTimer" */;
			compatibilityVersion = "Xcode 9.3";
			developmentRegion = en;
			hasScannedForEncodings = 0;
			knownRegions = (
				en,
				Base,
			);
			mainGroup = AB38AF9422AAEC2D00DC09BE;
			packageReferences = (
				AB4BD510234BD984003DD217 /* XCRemoteSwiftPackageReference "JFSwiftUI" */,
				ABAEAC78234E281100FB3644 /* XCRemoteSwiftPackageReference "kvvliveapi" */,
			);
			productRefGroup = AB38AF9E22AAEC2D00DC09BE /* Products */;
			projectDirPath = "";
			projectRoot = "";
			targets = (
				AB38AF9C22AAEC2D00DC09BE /* MetroTimer */,
			);
		};
/* End PBXProject section */

/* Begin PBXResourcesBuildPhase section */
		AB38AF9B22AAEC2D00DC09BE /* Resources */ = {
			isa = PBXResourcesBuildPhase;
			buildActionMask = 2147483647;
			files = (
				AB38AFAB22AAEC2E00DC09BE /* LaunchScreen.storyboard in Resources */,
				AB4BD514234BEFE6003DD217 /* Assets.xcassets in Resources */,
				AB38AFA822AAEC2E00DC09BE /* Preview Assets.xcassets in Resources */,
			);
			runOnlyForDeploymentPostprocessing = 0;
		};
/* End PBXResourcesBuildPhase section */

/* Begin PBXSourcesBuildPhase section */
		AB38AF9922AAEC2D00DC09BE /* Sources */ = {
			isa = PBXSourcesBuildPhase;
			buildActionMask = 2147483647;
			files = (
				AB12F23E22ABFCA5006F13CC /* JFDeparture.swift in Sources */,
				ABC2414322BD134E001D4B01 /* AddFavoriteView.swift in Sources */,
				AB341E9822AAF760004CAD6A /* MetroTimeCell.swift in Sources */,
				ABB7D8CD234660D10065C7C1 /* AddRouteView.swift in Sources */,
				AB12F24022AC0956006F13CC /* MetroHandler.swift in Sources */,
				AB38AFA322AAEC2D00DC09BE /* HomeView.swift in Sources */,
				AB12F23C22ABFBFF006F13CC /* JFTrain.swift in Sources */,
				AB341E9622AAEE5F004CAD6A /* JFUtils.swift in Sources */,
				AB12F23A22ABFAAC006F13CC /* JFStation.swift in Sources */,
				AB127F6F22BA960B00D9FC4D /* JFFavorite.swift in Sources */,
				AB41B9A522B40DD100A83985 /* DepartureView.swift in Sources */,
				AB41B9A722B413F700A83985 /* SettingsView.swift in Sources */,
				AB38AFA122AAEC2D00DC09BE /* AppDelegate.swift in Sources */,
			);
			runOnlyForDeploymentPostprocessing = 0;
		};
/* End PBXSourcesBuildPhase section */

/* Begin PBXVariantGroup section */
		AB38AFA922AAEC2E00DC09BE /* LaunchScreen.storyboard */ = {
			isa = PBXVariantGroup;
			children = (
				AB38AFAA22AAEC2E00DC09BE /* Base */,
			);
			name = LaunchScreen.storyboard;
			sourceTree = "<group>";
		};
/* End PBXVariantGroup section */

/* Begin XCBuildConfiguration section */
		AB38AFD122AAEC3000DC09BE /* Debug */ = {
			isa = XCBuildConfiguration;
			buildSettings = {
				ALWAYS_SEARCH_USER_PATHS = NO;
				CLANG_ANALYZER_NONNULL = YES;
				CLANG_ANALYZER_NUMBER_OBJECT_CONVERSION = YES_AGGRESSIVE;
				CLANG_CXX_LANGUAGE_STANDARD = "gnu++14";
				CLANG_CXX_LIBRARY = "libc++";
				CLANG_ENABLE_MODULES = YES;
				CLANG_ENABLE_OBJC_ARC = YES;
				CLANG_ENABLE_OBJC_WEAK = YES;
				CLANG_WARN_BLOCK_CAPTURE_AUTORELEASING = YES;
				CLANG_WARN_BOOL_CONVERSION = YES;
				CLANG_WARN_COMMA = YES;
				CLANG_WARN_CONSTANT_CONVERSION = YES;
				CLANG_WARN_DEPRECATED_OBJC_IMPLEMENTATIONS = YES;
				CLANG_WARN_DIRECT_OBJC_ISA_USAGE = YES_ERROR;
				CLANG_WARN_DOCUMENTATION_COMMENTS = YES;
				CLANG_WARN_EMPTY_BODY = YES;
				CLANG_WARN_ENUM_CONVERSION = YES;
				CLANG_WARN_INFINITE_RECURSION = YES;
				CLANG_WARN_INT_CONVERSION = YES;
				CLANG_WARN_NON_LITERAL_NULL_CONVERSION = YES;
				CLANG_WARN_OBJC_IMPLICIT_RETAIN_SELF = YES;
				CLANG_WARN_OBJC_LITERAL_CONVERSION = YES;
				CLANG_WARN_OBJC_ROOT_CLASS = YES_ERROR;
				CLANG_WARN_RANGE_LOOP_ANALYSIS = YES;
				CLANG_WARN_STRICT_PROTOTYPES = YES;
				CLANG_WARN_SUSPICIOUS_MOVE = YES;
				CLANG_WARN_UNGUARDED_AVAILABILITY = YES_AGGRESSIVE;
				CLANG_WARN_UNREACHABLE_CODE = YES;
				CLANG_WARN__DUPLICATE_METHOD_MATCH = YES;
				COPY_PHASE_STRIP = NO;
				DEBUG_INFORMATION_FORMAT = dwarf;
				ENABLE_STRICT_OBJC_MSGSEND = YES;
				ENABLE_TESTABILITY = YES;
				GCC_C_LANGUAGE_STANDARD = gnu11;
				GCC_DYNAMIC_NO_PIC = NO;
				GCC_NO_COMMON_BLOCKS = YES;
				GCC_OPTIMIZATION_LEVEL = 0;
				GCC_PREPROCESSOR_DEFINITIONS = (
					"DEBUG=1",
					"$(inherited)",
				);
				GCC_WARN_64_TO_32_BIT_CONVERSION = YES;
				GCC_WARN_ABOUT_RETURN_TYPE = YES_ERROR;
				GCC_WARN_UNDECLARED_SELECTOR = YES;
				GCC_WARN_UNINITIALIZED_AUTOS = YES_AGGRESSIVE;
				GCC_WARN_UNUSED_FUNCTION = YES;
				GCC_WARN_UNUSED_VARIABLE = YES;
				IPHONEOS_DEPLOYMENT_TARGET = 13.0;
				MTL_ENABLE_DEBUG_INFO = INCLUDE_SOURCE;
				MTL_FAST_MATH = YES;
				ONLY_ACTIVE_ARCH = YES;
				SDKROOT = iphoneos;
				SWIFT_ACTIVE_COMPILATION_CONDITIONS = DEBUG;
				SWIFT_COMPILATION_MODE = singlefile;
				SWIFT_OPTIMIZATION_LEVEL = "-Onone";
				SWIFT_VERSION = 5.0;
			};
			name = Debug;
		};
		AB38AFD222AAEC3000DC09BE /* Release */ = {
			isa = XCBuildConfiguration;
			buildSettings = {
				ALWAYS_SEARCH_USER_PATHS = NO;
				CLANG_ANALYZER_NONNULL = YES;
				CLANG_ANALYZER_NUMBER_OBJECT_CONVERSION = YES_AGGRESSIVE;
				CLANG_CXX_LANGUAGE_STANDARD = "gnu++14";
				CLANG_CXX_LIBRARY = "libc++";
				CLANG_ENABLE_MODULES = YES;
				CLANG_ENABLE_OBJC_ARC = YES;
				CLANG_ENABLE_OBJC_WEAK = YES;
				CLANG_WARN_BLOCK_CAPTURE_AUTORELEASING = YES;
				CLANG_WARN_BOOL_CONVERSION = YES;
				CLANG_WARN_COMMA = YES;
				CLANG_WARN_CONSTANT_CONVERSION = YES;
				CLANG_WARN_DEPRECATED_OBJC_IMPLEMENTATIONS = YES;
				CLANG_WARN_DIRECT_OBJC_ISA_USAGE = YES_ERROR;
				CLANG_WARN_DOCUMENTATION_COMMENTS = YES;
				CLANG_WARN_EMPTY_BODY = YES;
				CLANG_WARN_ENUM_CONVERSION = YES;
				CLANG_WARN_INFINITE_RECURSION = YES;
				CLANG_WARN_INT_CONVERSION = YES;
				CLANG_WARN_NON_LITERAL_NULL_CONVERSION = YES;
				CLANG_WARN_OBJC_IMPLICIT_RETAIN_SELF = YES;
				CLANG_WARN_OBJC_LITERAL_CONVERSION = YES;
				CLANG_WARN_OBJC_ROOT_CLASS = YES_ERROR;
				CLANG_WARN_RANGE_LOOP_ANALYSIS = YES;
				CLANG_WARN_STRICT_PROTOTYPES = YES;
				CLANG_WARN_SUSPICIOUS_MOVE = YES;
				CLANG_WARN_UNGUARDED_AVAILABILITY = YES_AGGRESSIVE;
				CLANG_WARN_UNREACHABLE_CODE = YES;
				CLANG_WARN__DUPLICATE_METHOD_MATCH = YES;
				COPY_PHASE_STRIP = NO;
				DEBUG_INFORMATION_FORMAT = "dwarf-with-dsym";
				ENABLE_NS_ASSERTIONS = NO;
				ENABLE_STRICT_OBJC_MSGSEND = YES;
				GCC_C_LANGUAGE_STANDARD = gnu11;
				GCC_NO_COMMON_BLOCKS = YES;
				GCC_WARN_64_TO_32_BIT_CONVERSION = YES;
				GCC_WARN_ABOUT_RETURN_TYPE = YES_ERROR;
				GCC_WARN_UNDECLARED_SELECTOR = YES;
				GCC_WARN_UNINITIALIZED_AUTOS = YES_AGGRESSIVE;
				GCC_WARN_UNUSED_FUNCTION = YES;
				GCC_WARN_UNUSED_VARIABLE = YES;
				IPHONEOS_DEPLOYMENT_TARGET = 13.0;
				MTL_ENABLE_DEBUG_INFO = NO;
				MTL_FAST_MATH = YES;
				SDKROOT = iphoneos;
				SWIFT_COMPILATION_MODE = wholemodule;
				SWIFT_OPTIMIZATION_LEVEL = "-O";
				SWIFT_VERSION = 5.0;
				VALIDATE_PRODUCT = YES;
			};
			name = Release;
		};
		AB38AFDC22AAEC3000DC09BE /* Debug */ = {
			isa = XCBuildConfiguration;
			buildSettings = {
				ALWAYS_EMBED_SWIFT_STANDARD_LIBRARIES = NO;
				ASSETCATALOG_COMPILER_APPICON_NAME = AppIcon;
				BUILD_LIBRARY_FOR_DISTRIBUTION = NO;
				CODE_SIGN_STYLE = Automatic;
				DEVELOPMENT_ASSET_PATHS = "MetroTimer/Preview\\ Content";
				DEVELOPMENT_TEAM = 46C9Y785NA;
				ENABLE_PREVIEWS = YES;
				INFOPLIST_FILE = MetroTimer/Info.plist;
				LD_RUNPATH_SEARCH_PATHS = (
					"$(inherited)",
					"@executable_path/Frameworks",
				);
				MARKETING_VERSION = 1.2.0;
				PRODUCT_BUNDLE_IDENTIFIER = de.JonasFrey.MetroTimer;
				PRODUCT_NAME = "$(TARGET_NAME)";
				SWIFT_VERSION = 5.0;
				TARGETED_DEVICE_FAMILY = "1,2";
			};
			name = Debug;
		};
		AB38AFDD22AAEC3000DC09BE /* Release */ = {
			isa = XCBuildConfiguration;
			buildSettings = {
				ALWAYS_EMBED_SWIFT_STANDARD_LIBRARIES = NO;
				ASSETCATALOG_COMPILER_APPICON_NAME = AppIcon;
				BUILD_LIBRARY_FOR_DISTRIBUTION = NO;
				CODE_SIGN_STYLE = Automatic;
				DEVELOPMENT_ASSET_PATHS = "MetroTimer/Preview\\ Content";
				DEVELOPMENT_TEAM = 46C9Y785NA;
				ENABLE_PREVIEWS = YES;
				INFOPLIST_FILE = MetroTimer/Info.plist;
				LD_RUNPATH_SEARCH_PATHS = (
					"$(inherited)",
					"@executable_path/Frameworks",
				);
				MARKETING_VERSION = 1.2.0;
				PRODUCT_BUNDLE_IDENTIFIER = de.JonasFrey.MetroTimer;
				PRODUCT_NAME = "$(TARGET_NAME)";
				SWIFT_VERSION = 5.0;
				TARGETED_DEVICE_FAMILY = "1,2";
			};
			name = Release;
		};
/* End XCBuildConfiguration section */

/* Begin XCConfigurationList section */
		AB38AF9822AAEC2D00DC09BE /* Build configuration list for PBXProject "MetroTimer" */ = {
			isa = XCConfigurationList;
			buildConfigurations = (
				AB38AFD122AAEC3000DC09BE /* Debug */,
				AB38AFD222AAEC3000DC09BE /* Release */,
			);
			defaultConfigurationIsVisible = 0;
			defaultConfigurationName = Release;
		};
		AB38AFDB22AAEC3000DC09BE /* Build configuration list for PBXNativeTarget "MetroTimer" */ = {
			isa = XCConfigurationList;
			buildConfigurations = (
				AB38AFDC22AAEC3000DC09BE /* Debug */,
				AB38AFDD22AAEC3000DC09BE /* Release */,
			);
			defaultConfigurationIsVisible = 0;
			defaultConfigurationName = Release;
		};
/* End XCConfigurationList section */

/* Begin XCRemoteSwiftPackageReference section */
		AB4BD510234BD984003DD217 /* XCRemoteSwiftPackageReference "JFSwiftUI" */ = {
			isa = XCRemoteSwiftPackageReference;
			repositoryURL = "https://github.com/iComputerfreak/JFSwiftUI.git";
			requirement = {
				kind = upToNextMajorVersion;
				minimumVersion = 1.2.0;
			};
		};
		ABAEAC78234E281100FB3644 /* XCRemoteSwiftPackageReference "kvvliveapi" */ = {
			isa = XCRemoteSwiftPackageReference;
			repositoryURL = "https://github.com/mdvjd/kvvliveapi.git";
			requirement = {
				kind = upToNextMajorVersion;
				minimumVersion = 1.0.2;
			};
		};
/* End XCRemoteSwiftPackageReference section */

/* Begin XCSwiftPackageProductDependency section */
		AB4BD511234BD984003DD217 /* JFSwiftUI */ = {
			isa = XCSwiftPackageProductDependency;
			package = AB4BD510234BD984003DD217 /* XCRemoteSwiftPackageReference "JFSwiftUI" */;
			productName = JFSwiftUI;
		};
		ABAEAC79234E281100FB3644 /* KVVlive */ = {
			isa = XCSwiftPackageProductDependency;
			package = ABAEAC78234E281100FB3644 /* XCRemoteSwiftPackageReference "kvvliveapi" */;
			productName = KVVlive;
		};
/* End XCSwiftPackageProductDependency section */
	};
	rootObject = AB38AF9522AAEC2D00DC09BE /* Project object */;
}
